github.com/google/uuid v1.3.0 h1:t6JiXgmwXMjEs8VusXIJk2BXHsn+wx8BZdTaoZ5fu7I=
github.com/google/uuid v1.3.0/go.mod h1:TIyPZe4MgqvfeYDBFedMoGGpEw/LqOeaOT+nhxU+yHo=
github.com/sjsafranek/logger v1.0.3 h1:7sxEwzR3cveBONVquwiSqq0jzkz4QflvU776hJ+afbM=
github.com/sjsafranek/logger v1.0.3/go.mod h1:YFFyk9VXnzEDg1dEhMOPlKByyLxYni3RpvV9nuvCffc=
